<?xml version="1.0" encoding="utf-8"?>
<Project ToolsVersion="4.0" xmlns="http://schemas.microsoft.com/developer/msbuild/2003">
  <ItemGroup>
    <ClCompile Include="Src\Client.cpp" />
    <ClCompile Include="Src\Quadtree\Region.cpp" />
    <ClCompile Include="Src\Entity\Entity.cpp" />
    <ClCompile Include="Src\Entity\Entities\Gun.cpp" />
    <ClCompile Include="Src\Entity\Entities\Scar.cpp" />
    <ClCompile Include="Src\Entity\Entities\Shotgun.cpp" />
    <ClCompile Include="Src\Entity\Entities\Sniper.cpp" />
    <ClCompile Include="Src\Quadtree\Node.cpp" />
    <ClCompile Include="Src\Entity\EntityManager.cpp" />
    <ClCompile Include="Src\Shared\Meshes.cpp" />
    <ClCompile Include="Src\LOD\LOD.cpp" />
    <ClCompile Include="Src\Quadtree\RegionManager.cpp" />
    <ClCompile Include="Src\Quadtree\NodeManager.cpp" />
    <ClCompile Include="Src\Entity\EntityFactory.cpp" />
    <ClCompile Include="Src\FrustumCulling\FrustumCulling.cpp" />
    <ClCompile Include="Src\Collision\Collision.cpp" />
    <ClCompile Include="Src\Collision\Collider\Colliders\BoxCollider.cpp" />
    <ClCompile Include="Src\Collision\Collider\Colliders\SphereCollider.cpp" />
    <ClCompile Include="Src\Collision\Collider\Collider.cpp" />
    <ClCompile Include="Src\Collision\Collider\ColliderManager.cpp" />
    <ClCompile Include="Src\Lua\LuaHelpers.cpp" />
    <ClCompile Include="Src\Lua\LuaManager.cpp" />
    <ClCompile Include="Src\State\State.cpp" />
    <ClCompile Include="Src\Central\Cam.cpp" />
    <ClCompile Include="Src\Central\ModelStack.cpp" />
    <ClCompile Include="Src\Central\App.cpp" />
    <ClCompile Include="Src\Central\Scene\SceneManager.cpp" />
    <ClCompile Include="Src\Central\Scene\Scenes\GameScene.cpp" />
    <ClCompile Include="Src\Central\Scene\SceneSupport.cpp" />
    <ClCompile Include="Src\Central\Scene\Scenes\MenuScene.cpp" />
    <ClCompile Include="Src\Central\Scene\Scenes\StartScene.cpp" />
    <ClCompile Include="Src\State\States\StateEnemyIdle.cpp" />
    <ClCompile Include="Src\State\States\StateEnemyChase.cpp" />
    <ClCompile Include="Src\State\States\StateEnemyPatrol.cpp" />
    <ClCompile Include="Src\State\States\StateEnemyHeal.cpp" />
    <ClCompile Include="Src\State\States\StateEnemyEscape.cpp" />
    <ClCompile Include="Src\Waypt\Waypt.cpp" />
    <ClCompile Include="Src\Waypt\WayptManager.cpp" />
  </ItemGroup>
  <ItemGroup>
    <ClInclude Include="Src\Quadtree\Region.h" />
    <ClInclude Include="Src\Entity\Entity.h" />
    <ClInclude Include="Src\Entity\Entities\Gun.h" />
    <ClInclude Include="Src\Entity\Entities\Scar.h" />
    <ClInclude Include="Src\Entity\Entities\Shotgun.h" />
    <ClInclude Include="Src\Entity\Entities\Sniper.h" />
    <ClInclude Include="Src\Quadtree\Node.h" />
    <ClInclude Include="Src\Entity\EntityManager.h" />
    <ClInclude Include="Src\Shared\Meshes.h" />
    <ClInclude Include="Src\LOD\LOD.h" />
    <ClInclude Include="Src\Entity\EntityUpdate.hpp" />
    <ClInclude Include="Src\Shared\RotateVecIn2D.hpp" />
    <ClInclude Include="Src\Shared\Easing.hpp" />
    <ClInclude Include="Src\Quadtree\RegionManager.h" />
    <ClInclude Include="Src\Quadtree\NodeManager.h" />
    <ClInclude Include="Src\ObjPool\ObjPool.h" />
    <ClInclude Include="Src\Entity\EntityFactory.h" />
    <ClInclude Include="Src\FrustumCulling\FrustumCulling.h" />
    <ClInclude Include="Src\Collision\Collision.h" />
    <ClInclude Include="Src\Shared\Axis.hpp" />
    <ClInclude Include="Src\Collision\Collider\Colliders\BoxCollider.h" />
    <ClInclude Include="Src\Collision\Collider\Colliders\SphereCollider.h" />
    <ClInclude Include="Src\Collision\Collider\Collider.h" />
    <ClInclude Include="Src\Collision\Collider\ColliderManager.h" />
    <ClInclude Include="Src\Lua\LuaHelpers.h" />
    <ClInclude Include="Src\Lua\Units\LuaTest1st.hpp" />
    <ClInclude Include="Src\Lua\Units\LuaTest2nd.hpp" />
    <ClInclude Include="Src\Lua\Units\LuaTest3rd.hpp" />
    <ClInclude Include="Src\Lua\Units\LuaTest4th.hpp" />
    <ClInclude Include="Src\Lua\Units\LuaTest5th.hpp" />
    <ClInclude Include="Src\Lua\Units\LuaManagerTest.hpp" />
    <ClInclude Include="Src\State\State.h" />
    <ClInclude Include="Src\State\StateID.hpp" />
    <ClInclude Include="Src\State\StateMachine.h" />
    <ClInclude Include="Src\Central\Cam.h" />
    <ClInclude Include="Src\Central\ModelStack.h" />
    <ClInclude Include="Src\Central\App.h" />
    <ClInclude Include="Src\Central\Scene\IScene.hpp" />
    <ClInclude Include="Src\Central\Scene\SceneManager.h" />
    <ClInclude Include="Src\Central\Scene\SceneID.hpp" />
    <ClInclude Include="Src\Central\Scene\Scenes\GameScene.h" />
    <ClInclude Include="Src\Central\Scene\SceneSupport.h" />
    <ClInclude Include="Src\Central\Scene\Scenes\MenuScene.h" />
    <ClInclude Include="Src\Central\Scene\Scenes\StartScene.h" />
    <ClInclude Include="Src\Lua\LuaManager.h" />
    <ClInclude Include="Src\Experimental\ObjType.hpp" />
    <ClInclude Include="Src\Experimental\StrType.hpp" />
    <ClInclude Include="Src\Experimental\BoolType.hpp" />
    <ClInclude Include="Src\Experimental\DoubleType.hpp" />
    <ClInclude Include="Src\State\StateShared.hpp" />
    <ClInclude Include="Src\State\States\StateEnemyIdle.h" />
    <ClInclude Include="Src\State\States\StateEnemyPatrol.h" />
    <ClInclude Include="Src\State\States\StateEnemyHeal.h" />
    <ClInclude Include="Src\State\States\StateEnemyEscape.h" />
    <ClInclude Include="Src\State\States\StateEnemyChase.h" />
    <ClInclude Include="Src\Waypt\Waypt.h" />
    <ClInclude Include="Src\Waypt\WayptManager.h" />
  </ItemGroup>
  <ItemGroup>
    <None Include="Shaders\Blur.fragS" />
    <None Include="Shaders\Forward.fragS" />
    <None Include="Shaders\GeoPass.fragS" />
    <None Include="Shaders\LightingPass.fragS" />
    <None Include="Shaders\Normals.fragS" />
    <None Include="Shaders\Screen.fragS" />
    <None Include="Shaders\Text.fragS" />
    <None Include="Shaders\Text.vertexS" />
    <None Include="Shaders\Quad.vertexS" />
    <None Include="Shaders\Normals.vertexS" />
    <None Include="Shaders\GeoPass.vertexS" />
    <None Include="Shaders\Forward.vertexS" />
    <None Include="Shaders\Normals.geoS" />
    <None Include="Src\ObjPool\ObjPool.inl" />
    <None Include="Shaders\ViewingFrustum.vertexS" />
    <None Include="Shaders\ViewingFrustum.fragS" />
    <None Include="Scripts\Test1st.lua" />
    <None Include="Scripts\Test2nd.lua" />
    <None Include="Scripts\Test3rd.lua" />
    <None Include="Scripts\Test4th.lua" />
    <None Include="Scripts\Test5th.lua" />
    <None Include="Scripts\OptionsOpenGL.lua" />
    <None Include="Scripts\ConsoleWindow.lua" />
    <None Include="Scripts\AppWindow.lua" />
    <None Include="Src\State\StateMachine.inl" />
    <None Include="cpp.hint" />
    <None Include="Scripts\Models.lua" />
    <None Include="Scripts\Audio.lua" />
    <None Include="Scripts\CoinAudio3D.lua" />
    <None Include="Scripts\Skyboxes.lua" />
    <None Include="Src\Lua\LuaManager.inl" />
    <None Include="Scripts\Experimental.lua" />
    <None Include="Scripts\CoinSpriteAnimData.lua" />
    <None Include="Scripts\FireSpriteAnimData.lua" />
    <None Include="Scripts\LenSquared.lua" />
    <None Include="Scripts\DistSquared.lua" />
    <None Include="Scripts\ValSquared.lua" />
    <None Include="Scripts\LOD.lua" />
    <None Include="Scripts\TextChangingScale.lua" />
  </ItemGroup>
</Project>